
Microsoft Visual Studio Solution File, Format Version 12.00
# Visual Studio Version 17
VisualStudioVersion = 17.5.33424.131
MinimumVisualStudioVersion = 10.0.40219.1
Project("{9A19103F-16F7-4668-BE54-9A1E7A4F7556}") = "Presantation", "Core Demo\Presantation.csproj", "{82F9B099-7209-45B4-A72E-B4A4821F4A7D}"
EndProject
Project("{9A19103F-16F7-4668-BE54-9A1E7A4F7556}") = "EntityLayer", "EntityLayer\EntityLayer.csproj", "{6BAD5EEA-2142-4D73-8AA4-0C14F1B2D78C}"
EndProject
Project("{9A19103F-16F7-4668-BE54-9A1E7A4F7556}") = "DataAccessLayer", "DataAccessLayer\DataAccessLayer.csproj", "{5B8C4941-EB7B-4C18-961A-44C53A70EF7A}"
EndProject
Project("{9A19103F-16F7-4668-BE54-9A1E7A4F7556}") = "BusinessLayer", "BusinessLayer\BusinessLayer.csproj", "{85603BCB-2F72-41ED-B2F7-DE2677F9F5F3}"
EndProject
Project("{9A19103F-16F7-4668-BE54-9A1E7A4F7556}") = "CoreLayer", "CoreLayer\CoreLayer.csproj", "{98E62B5B-40EB-4361-A2EC-4ECBB651264C}"
EndProject
Global
	GlobalSection(SolutionConfigurationPlatforms) = preSolution
		Debug|Any CPU = Debug|Any CPU
		Release|Any CPU = Release|Any CPU
	EndGlobalSection
	GlobalSection(ProjectConfigurationPlatforms) = postSolution
		{82F9B099-7209-45B4-A72E-B4A4821F4A7D}.Debug|Any CPU.ActiveCfg = Debug|Any CPU
		{82F9B099-7209-45B4-A72E-B4A4821F4A7D}.Debug|Any CPU.Build.0 = Debug|Any CPU
		{82F9B099-7209-45B4-A72E-B4A4821F4A7D}.Release|Any CPU.ActiveCfg = Release|Any CPU
		{82F9B099-7209-45B4-A72E-B4A4821F4A7D}.Release|Any CPU.Build.0 = Release|Any CPU
		{6BAD5EEA-2142-4D73-8AA4-0C14F1B2D78C}.Debug|Any CPU.ActiveCfg = Debug|Any CPU
		{6BAD5EEA-2142-4D73-8AA4-0C14F1B2D78C}.Debug|Any CPU.Build.0 = Debug|Any CPU
		{6BAD5EEA-2142-4D73-8AA4-0C14F1B2D78C}.Release|Any CPU.ActiveCfg = Release|Any CPU
		{6BAD5EEA-2142-4D73-8AA4-0C14F1B2D78C}.Release|Any CPU.Build.0 = Release|Any CPU
		{5B8C4941-EB7B-4C18-961A-44C53A70EF7A}.Debug|Any CPU.ActiveCfg = Debug|Any CPU
		{5B8C4941-EB7B-4C18-961A-44C53A70EF7A}.Debug|Any CPU.Build.0 = Debug|Any CPU
		{5B8C4941-EB7B-4C18-961A-44C53A70EF7A}.Release|Any CPU.ActiveCfg = Release|Any CPU
		{5B8C4941-EB7B-4C18-961A-44C53A70EF7A}.Release|Any CPU.Build.0 = Release|Any CPU
		{85603BCB-2F72-41ED-B2F7-DE2677F9F5F3}.Debug|Any CPU.ActiveCfg = Debug|Any CPU
		{85603BCB-2F72-41ED-B2F7-DE2677F9F5F3}.Debug|Any CPU.Build.0 = Debug|Any CPU
		{85603BCB-2F72-41ED-B2F7-DE2677F9F5F3}.Release|Any CPU.ActiveCfg = Release|Any CPU
		{85603BCB-2F72-41ED-B2F7-DE2677F9F5F3}.Release|Any CPU.Build.0 = Release|Any CPU
		{98E62B5B-40EB-4361-A2EC-4ECBB651264C}.Debug|Any CPU.ActiveCfg = Debug|Any CPU
		{98E62B5B-40EB-4361-A2EC-4ECBB651264C}.Debug|Any CPU.Build.0 = Debug|Any CPU
		{98E62B5B-40EB-4361-A2EC-4ECBB651264C}.Release|Any CPU.ActiveCfg = Release|Any CPU
		{98E62B5B-40EB-4361-A2EC-4ECBB651264C}.Release|Any CPU.Build.0 = Release|Any CPU
	EndGlobalSection
	GlobalSection(SolutionProperties) = preSolution
		HideSolutionNode = FALSE
	EndGlobalSection
	GlobalSection(ExtensibilityGlobals) = postSolution
		SolutionGuid = {5E8F62F7-AF84-42E7-98C9-7FE3DF80A109}
	EndGlobalSection
EndGlobal
